{"1.2.0",
[{<<"gleam_stdlib">>,{pkg,<<"gleam_stdlib">>,<<"0.17.0">>},0}]}.
[
{pkg_hash,[
 {<<"gleam_stdlib">>, <<"186494B596DB67A1FDAFFF164F988737AE47A5C634893422397A356CA3C3F979">>}]},
{pkg_hash_ext,[
 {<<"gleam_stdlib">>, <<"66834E96F3F42609B4E5AAA2B73F9EC45625A422D0AED091B3A704ACAE0420E7">>}]}
].
